// !$*UTF8*$!
{
	archiveVersion = 1;
	classes = {
	};
	objectVersion = 46;
	objects = {

/* Begin PBXBuildFile section */
		41E5B55A1D2A5BEF0074A17C /* AppDelegate.swift in Sources */ = {isa = PBXBuildFile; fileRef = 41E5B5591D2A5BEF0074A17C /* AppDelegate.swift */; };
		41E5B55C1D2A5BEF0074A17C /* ViewController.swift in Sources */ = {isa = PBXBuildFile; fileRef = 41E5B55B1D2A5BEF0074A17C /* ViewController.swift */; };
		41E5B55F1D2A5BEF0074A17C /* Main.storyboard in Resources */ = {isa = PBXBuildFile; fileRef = 41E5B55D1D2A5BEF0074A17C /* Main.storyboard */; };
		41E5B5611D2A5BEF0074A17C /* Assets.xcassets in Resources */ = {isa = PBXBuildFile; fileRef = 41E5B5601D2A5BEF0074A17C /* Assets.xcassets */; };
		41E5B5641D2A5BEF0074A17C /* LaunchScreen.storyboard in Resources */ = {isa = PBXBuildFile; fileRef = 41E5B5621D2A5BEF0074A17C /* LaunchScreen.storyboard */; };
/* End PBXBuildFile section */

/* Begin PBXFileReference section */
		41E5B5561D2A5BEE0074A17C /* ServerSwiftClient.app */ = {isa = PBXFileReference; explicitFileType = wrapper.application; includeInIndex = 0; path = ServerSwiftClient.app; sourceTree = BUILT_PRODUCTS_DIR; };
		41E5B5591D2A5BEF0074A17C /* AppDelegate.swift */ = {isa = PBXFileReference; lastKnownFileType = sourcecode.swift; path = AppDelegate.swift; sourceTree = "<group>"; };
		41E5B55B1D2A5BEF0074A17C /* ViewController.swift */ = {isa = PBXFileReference; lastKnownFileType = sourcecode.swift; path = ViewController.swift; sourceTree = "<group>"; };
		41E5B55E1D2A5BEF0074A17C /* Base */ = {isa = PBXFileReference; lastKnownFileType = file.storyboard; name = Base; path = Base.lproj/Main.storyboard; sourceTree = "<group>"; };
		41E5B5601D2A5BEF0074A17C /* Assets.xcassets */ = {isa = PBXFileReference; lastKnownFileType = folder.assetcatalog; path = Assets.xcassets; sourceTree = "<group>"; };
		41E5B5631D2A5BEF0074A17C /* Base */ = {isa = PBXFileReference; lastKnownFileType = file.storyboard; name = Base; path = Base.lproj/LaunchScreen.storyboard; sourceTree = "<group>"; };
		41E5B5651D2A5BEF0074A17C /* Info.plist */ = {isa = PBXFileReference; lastKnownFileType = text.plist.xml; path = Info.plist; sourceTree = "<group>"; };
/* End PBXFileReference section */

/* Begin PBXFrameworksBuildPhase section */
		41E5B5531D2A5BEE0074A17C /* Frameworks */ = {
			isa = PBXFrameworksBuildPhase;
			buildActionMask = 2147483647;
			files = (
			);
			runOnlyForDeploymentPostprocessing = 0;
		};
/* End PBXFrameworksBuildPhase section */

/* Begin PBXGroup section */
		41E5B54D1D2A5BEE0074A17C = {
			isa = PBXGroup;
			children = (
				41E5B5581D2A5BEE0074A17C /* ServerSwiftClient */,
				41E5B5571D2A5BEE0074A17C /* Products */,
			);
			sourceTree = "<group>";
		};
		41E5B5571D2A5BEE0074A17C /* Products */ = {
			isa = PBXGroup;
			children = (
				41E5B5561D2A5BEE0074A17C /* ServerSwiftClient.app */,
			);
			name = Products;
			sourceTree = "<group>";
		};
		41E5B5581D2A5BEE0074A17C /* ServerSwiftClient */ = {
			isa = PBXGroup;
			children = (
				41E5B5591D2A5BEF0074A17C /* AppDelegate.swift */,
				41E5B55B1D2A5BEF0074A17C /* ViewController.swift */,
				41E5B55D1D2A5BEF0074A17C /* Main.storyboard */,
				41E5B5601D2A5BEF0074A17C /* Assets.xcassets */,
				41E5B5621D2A5BEF0074A17C /* LaunchScreen.storyboard */,
				41E5B5651D2A5BEF0074A17C /* Info.plist */,
			);
			path = ServerSwiftClient;
			sourceTree = "<group>";
		};
/* End PBXGroup section */

/* Begin PBXNativeTarget section */
		41E5B5551D2A5BEE0074A17C /* ServerSwiftClient */ = {
			isa = PBXNativeTarget;
			buildConfigurationList = 41E5B5681D2A5BEF0074A17C /* Build configuration list for PBXNativeTarget "ServerSwiftClient" */;
			buildPhases = (
				41E5B5521D2A5BEE0074A17C /* Sources */,
				41E5B5531D2A5BEE0074A17C /* Frameworks */,
				41E5B5541D2A5BEE0074A17C /* Resources */,
			);
			buildRules = (
			);
			dependencies = (
			);
			name = ServerSwiftClient;
			productName = ServerSwiftClient;
			productReference = 41E5B5561D2A5BEE0074A17C /* ServerSwiftClient.app */;
			productType = "com.apple.product-type.application";
		};
/* End PBXNativeTarget section */

/* Begin PBXProject section */
		41E5B54E1D2A5BEE0074A17C /* Project object */ = {
			isa = PBXProject;
			attributes = {
				LastSwiftUpdateCheck = 0730;
				LastUpgradeCheck = 0940;
				ORGANIZATIONNAME = "Mox Soini";
				TargetAttributes = {
					41E5B5551D2A5BEE0074A17C = {
						CreatedOnToolsVersion = 7.3.1;
						LastSwiftMigration = 0900;
					};
				};
			};
			buildConfigurationList = 41E5B5511D2A5BEE0074A17C /* Build configuration list for PBXProject "ServerSwiftClient" */;
			compatibilityVersion = "Xcode 3.2";
			developmentRegion = English;
			hasScannedForEncodings = 0;
			knownRegions = (
				en,
				Base,
			);
			mainGroup = 41E5B54D1D2A5BEE0074A17C;
			productRefGroup = 41E5B5571D2A5BEE0074A17C /* Products */;
			projectDirPath = "";
			projectRoot = "";
			targets = (
				41E5B5551D2A5BEE0074A17C /* ServerSwiftClient */,
			);
		};
/* End PBXProject section */

/* Begin PBXResourcesBuildPhase section */
		41E5B5541D2A5BEE0074A17C /* Resources */ = {
			isa = PBXResourcesBuildPhase;
			buildActionMask = 2147483647;
			files = (
				41E5B5641D2A5BEF0074A17C /* LaunchScreen.storyboard in Resources */,
				41E5B5611D2A5BEF0074A17C /* Assets.xcassets in Resources */,
				41E5B55F1D2A5BEF0074A17C /* Main.storyboard in Resources */,
			);
			runOnlyForDeploymentPostprocessing = 0;
		};
/* End PBXResourcesBuildPhase section */

/* Begin PBXSourcesBuildPhase section */
		41E5B5521D2A5BEE0074A17C /* Sources */ = {
			isa = PBXSourcesBuildPhase;
			buildActionMask = 2147483647;
			files = (
				41E5B55C1D2A5BEF0074A17C /* ViewController.swift in Sources */,
				41E5B55A1D2A5BEF0074A17C /* AppDelegate.swift in Sources */,
			);
			runOnlyForDeploymentPostprocessing = 0;
		};
/* End PBXSourcesBuildPhase section */

/* Begin PBXVariantGroup section */
		41E5B55D1D2A5BEF0074A17C /* Main.storyboard */ = {
			isa = PBXVariantGroup;
			children = (
				41E5B55E1D2A5BEF0074A17C /* Base */,
			);
			name = Main.storyboard;
			sourceTree = "<group>";
		};
		41E5B5621D2A5BEF0074A17C /* LaunchScreen.storyboard */ = {
			isa = PBXVariantGroup;
			children = (
				41E5B5631D2A5BEF0074A17C /* Base */,
			);
			name = LaunchScreen.storyboard;
			sourceTree = "<group>";
		};
/* End PBXVariantGroup section */

/* Begin XCBuildConfiguration section */
		41E5B5661D2A5BEF0074A17C /* Debug */ = {
			isa = XCBuildConfiguration;
			buildSettings = {
				ALWAYS_SEARCH_USER_PATHS = NO;
				CLANG_ANALYZER_NONNULL = YES;
				CLANG_CXX_LANGUAGE_STANDARD = "gnu++0x";
				CLANG_CXX_LIBRARY = "libc++";
				CLANG_ENABLE_MODULES = YES;
				CLANG_ENABLE_OBJC_ARC = YES;
				CLANG_WARN_BLOCK_CAPTURE_AUTORELEASING = YES;
				CLANG_WARN_BOOL_CONVERSION = YES;
				CLANG_WARN_COMMA = YES;
				CLANG_WARN_CONSTANT_CONVERSION = YES;
				CLANG_WARN_DEPRECATED_OBJC_IMPLEMENTATIONS = YES;
				CLANG_WARN_DIRECT_OBJC_ISA_USAGE = YES_ERROR;
				CLANG_WARN_EMPTY_BODY = YES;
				CLANG_WARN_ENUM_CONVERSION = YES;
				CLANG_WARN_INFINITE_RECURSION = YES;
				CLANG_WARN_INT_CONVERSION = YES;
				CLANG_WARN_NON_LITERAL_NULL_CONVERSION = YES;
				CLANG_WARN_OBJC_IMPLICIT_RETAIN_SELF = YES;
				CLANG_WARN_OBJC_LITERAL_CONVERSION = YES;
				CLANG_WARN_OBJC_ROOT_CLASS = YES_ERROR;
				CLANG_WARN_RANGE_LOOP_ANALYSIS = YES;
				CLANG_WARN_STRICT_PROTOTYPES = YES;
				CLANG_WARN_SUSPICIOUS_MOVE = YES;
				CLANG_WARN_UNREACHABLE_CODE = YES;
				CLANG_WARN__DUPLICATE_METHOD_MATCH = YES;
				"CODE_SIGN_IDENTITY[sdk=iphoneos*]" = "iPhone Developer";
				COPY_PHASE_STRIP = NO;
				DEBUG_INFORMATION_FORMAT = dwarf;
				ENABLE_STRICT_OBJC_MSGSEND = YES;
				ENABLE_TESTABILITY = YES;
				GCC_C_LANGUAGE_STANDARD = gnu99;
				GCC_DYNAMIC_NO_PIC = NO;
				GCC_NO_COMMON_BLOCKS = YES;
				GCC_OPTIMIZATION_LEVEL = 0;
				GCC_PREPROCESSOR_DEFINITIONS = (
					"DEBUG=1",
					"$(inherited)",
				);
				GCC_WARN_64_TO_32_BIT_CONVERSION = YES;
				GCC_WARN_ABOUT_RETURN_TYPE = YES_ERROR;
				GCC_WARN_UNDECLARED_SELECTOR = YES;
				GCC_WARN_UNINITIALIZED_AUTOS = YES_AGGRESSIVE;
				GCC_WARN_UNUSED_FUNCTION = YES;
				GCC_WARN_UNUSED_VARIABLE = YES;
				IPHONEOS_DEPLOYMENT_TARGET = 11.0;
				MTL_ENABLE_DEBUG_INFO = YES;
				ONLY_ACTIVE_ARCH = YES;
				SDKROOT = iphoneos;
				SWIFT_INSTALL_OBJC_HEADER = NO;
				SWIFT_OPTIMIZATION_LEVEL = "-Onone";
				SWIFT_VERSION = 4.0;
				TARGETED_DEVICE_FAMILY = "1,2";
			};
			name = Debug;
		};
		41E5B5671D2A5BEF0074A17C /* Release */ = {
			isa = XCBuildConfiguration;
			buildSettings = {
				ALWAYS_SEARCH_USER_PATHS = NO;
				CLANG_ANALYZER_NONNULL = YES;
				CLANG_CXX_LANGUAGE_STANDARD = "gnu++0x";
				CLANG_CXX_LIBRARY = "libc++";
				CLANG_ENABLE_MODULES = YES;
				CLANG_ENABLE_OBJC_ARC = YES;
				CLANG_WARN_BLOCK_CAPTURE_AUTORELEASING = YES;
				CLANG_WARN_BOOL_CONVERSION = YES;
				CLANG_WARN_COMMA = YES;
				CLANG_WARN_CONSTANT_CONVERSION = YES;
				CLANG_WARN_DEPRECATED_OBJC_IMPLEMENTATIONS = YES;
				CLANG_WARN_DIRECT_OBJC_ISA_USAGE = YES_ERROR;
				CLANG_WARN_EMPTY_BODY = YES;
				CLANG_WARN_ENUM_CONVERSION = YES;
				CLANG_WARN_INFINITE_RECURSION = YES;
				CLANG_WARN_INT_CONVERSION = YES;
				CLANG_WARN_NON_LITERAL_NULL_CONVERSION = YES;
				CLANG_WARN_OBJC_IMPLICIT_RETAIN_SELF = YES;
				CLANG_WARN_OBJC_LITERAL_CONVERSION = YES;
				CLANG_WARN_OBJC_ROOT_CLASS = YES_ERROR;
				CLANG_WARN_RANGE_LOOP_ANALYSIS = YES;
				CLANG_WARN_STRICT_PROTOTYPES = YES;
				CLANG_WARN_SUSPICIOUS_MOVE = YES;
				CLANG_WARN_UNREACHABLE_CODE = YES;
				CLANG_WARN__DUPLICATE_METHOD_MATCH = YES;
				"CODE_SIGN_IDENTITY[sdk=iphoneos*]" = "iPhone Developer";
				COPY_PHASE_STRIP = NO;
				DEBUG_INFORMATION_FORMAT = "dwarf-with-dsym";
				ENABLE_NS_ASSERTIONS = NO;
				ENABLE_STRICT_OBJC_MSGSEND = YES;
				GCC_C_LANGUAGE_STANDARD = gnu99;
				GCC_NO_COMMON_BLOCKS = YES;
				GCC_WARN_64_TO_32_BIT_CONVERSION = YES;
				GCC_WARN_ABOUT_RETURN_TYPE = YES_ERROR;
				GCC_WARN_UNDECLARED_SELECTOR = YES;
				GCC_WARN_UNINITIALIZED_AUTOS = YES_AGGRESSIVE;
				GCC_WARN_UNUSED_FUNCTION = YES;
				GCC_WARN_UNUSED_VARIABLE = YES;
				IPHONEOS_DEPLOYMENT_TARGET = 11.0;
				MTL_ENABLE_DEBUG_INFO = NO;
				SDKROOT = iphoneos;
				SWIFT_INSTALL_OBJC_HEADER = NO;
				SWIFT_OPTIMIZATION_LEVEL = "-Owholemodule";
				SWIFT_VERSION = 4.0;
				TARGETED_DEVICE_FAMILY = "1,2";
				VALIDATE_PRODUCT = YES;
			};
			name = Release;
		};
		41E5B5691D2A5BEF0074A17C /* Debug */ = {
			isa = XCBuildConfiguration;
			buildSettings = {
				ASSETCATALOG_COMPILER_APPICON_NAME = AppIcon;
				INFOPLIST_FILE = ServerSwiftClient/Info.plist;
				LD_RUNPATH_SEARCH_PATHS = "$(inherited) @executable_path/Frameworks";
				PRODUCT_BUNDLE_IDENTIFIER = fi.iki.mox.ServerSwiftClient;
				PRODUCT_NAME = "$(TARGET_NAME)";
				SWIFT_SWIFT3_OBJC_INFERENCE = Default;
				SWIFT_VERSION = 4.0;
			};
			name = Debug;
		};
		41E5B56A1D2A5BEF0074A17C /* Release */ = {
			isa = XCBuildConfiguration;
			buildSettings = {
				ASSETCATALOG_COMPILER_APPICON_NAME = AppIcon;
				INFOPLIST_FILE = ServerSwiftClient/Info.plist;
				LD_RUNPATH_SEARCH_PATHS = "$(inherited) @executable_path/Frameworks";
				PRODUCT_BUNDLE_IDENTIFIER = fi.iki.mox.ServerSwiftClient;
				PRODUCT_NAME = "$(TARGET_NAME)";
				SWIFT_SWIFT3_OBJC_INFERENCE = Default;
				SWIFT_VERSION = 4.0;
			};
			name = Release;
		};
/* End XCBuildConfiguration section */

/* Begin XCConfigurationList section */
		41E5B5511D2A5BEE0074A17C /* Build configuration list for PBXProject "ServerSwiftClient" */ = {
			isa = XCConfigurationList;
			buildConfigurations = (
				41E5B5661D2A5BEF0074A17C /* Debug */,
				41E5B5671D2A5BEF0074A17C /* Release */,
			);
			defaultConfigurationIsVisible = 0;
			defaultConfigurationName = Release;
		};
		41E5B5681D2A5BEF0074A17C /* Build configuration list for PBXNativeTarget "ServerSwiftClient" */ = {
			isa = XCConfigurationList;
			buildConfigurations = (
				41E5B5691D2A5BEF0074A17C /* Debug */,
				41E5B56A1D2A5BEF0074A17C /* Release */,
			);
			defaultConfigurationIsVisible = 0;
			defaultConfigurationName = Release;
		};
/* End XCConfigurationList section */
	};
	rootObject = 41E5B54E1D2A5BEE0074A17C /* Project object */;
}
